
Microsoft Visual Studio Solution File, Format Version 12.00
# Visual Studio Version 17
VisualStudioVersion = 17.6.33801.468
MinimumVisualStudioVersion = 10.0.40219.1
Project("{FAE04EC0-301F-11D3-BF4B-00C04F79EFBC}") = "TPJeuDuPendu", "TPJeuDuPendu\TPJeuDuPendu.csproj", "{EA164D9C-16CE-4BEE-B8BC-8656ADF99BD7}"
EndProject
Global
	GlobalSection(SolutionConfigurationPlatforms) = preSolution
		Debug|Any CPU = Debug|Any CPU
		Release|Any CPU = Release|Any CPU
	EndGlobalSection
	GlobalSection(ProjectConfigurationPlatforms) = postSolution
		{EA164D9C-16CE-4BEE-B8BC-8656ADF99BD7}.Debug|Any CPU.ActiveCfg = Debug|Any CPU
		{EA164D9C-16CE-4BEE-B8BC-8656ADF99BD7}.Debug|Any CPU.Build.0 = Debug|Any CPU
		{EA164D9C-16CE-4BEE-B8BC-8656ADF99BD7}.Release|Any CPU.ActiveCfg = Release|Any CPU
		{EA164D9C-16CE-4BEE-B8BC-8656ADF99BD7}.Release|Any CPU.Build.0 = Release|Any CPU
	EndGlobalSection
	GlobalSection(SolutionProperties) = preSolution
		HideSolutionNode = FALSE
	EndGlobalSection
	GlobalSection(ExtensibilityGlobals) = postSolution
		SolutionGuid = {9E189574-0B2E-4D60-BD4E-3F22E6D05214}
	EndGlobalSection
EndGlobal
